// !$*UTF8*$!
{
	archiveVersion = 1;
	classes = {
	};
	objectVersion = 48;
	objects = {

/* Begin PBXBuildFile section */
		1D31F60520C1369800EB7EC2 /* AppDelegate.m in Sources */ = {isa = PBXBuildFile; fileRef = 1D31F60420C1369800EB7EC2 /* AppDelegate.m */; };
		1D31F60B20C1369800EB7EC2 /* Main.storyboard in Resources */ = {isa = PBXBuildFile; fileRef = 1D31F60920C1369800EB7EC2 /* Main.storyboard */; };
		1D31F60E20C1369800EB7EC2 /* passwordManager.xcdatamodeld in Sources */ = {isa = PBXBuildFile; fileRef = 1D31F60C20C1369800EB7EC2 /* passwordManager.xcdatamodeld */; };
		1D31F61020C1369800EB7EC2 /* Assets.xcassets in Resources */ = {isa = PBXBuildFile; fileRef = 1D31F60F20C1369800EB7EC2 /* Assets.xcassets */; };
		1D31F61320C1369800EB7EC2 /* LaunchScreen.storyboard in Resources */ = {isa = PBXBuildFile; fileRef = 1D31F61120C1369800EB7EC2 /* LaunchScreen.storyboard */; };
		1D31F61620C1369800EB7EC2 /* main.m in Sources */ = {isa = PBXBuildFile; fileRef = 1D31F61520C1369800EB7EC2 /* main.m */; };
		1D31F61E20C1379700EB7EC2 /* ListViewController.m in Sources */ = {isa = PBXBuildFile; fileRef = 1D31F61D20C1379700EB7EC2 /* ListViewController.m */; };
		1D31F62120C1396700EB7EC2 /* AccountModel.m in Sources */ = {isa = PBXBuildFile; fileRef = 1D31F62020C1396700EB7EC2 /* AccountModel.m */; };
		1D31F62520C13BD100EB7EC2 /* DetailViewController.m in Sources */ = {isa = PBXBuildFile; fileRef = 1D31F62420C13BD100EB7EC2 /* DetailViewController.m */; };
		523CCF2F20C1C33B005B0A2A /* CoreDataStack.m in Sources */ = {isa = PBXBuildFile; fileRef = 523CCF2E20C1C33B005B0A2A /* CoreDataStack.m */; };
/* End PBXBuildFile section */

/* Begin PBXFileReference section */
		1D31F60020C1369800EB7EC2 /* passwordManager.app */ = {isa = PBXFileReference; explicitFileType = wrapper.application; includeInIndex = 0; path = passwordManager.app; sourceTree = BUILT_PRODUCTS_DIR; };
		1D31F60320C1369800EB7EC2 /* AppDelegate.h */ = {isa = PBXFileReference; lastKnownFileType = sourcecode.c.h; path = AppDelegate.h; sourceTree = "<group>"; };
		1D31F60420C1369800EB7EC2 /* AppDelegate.m */ = {isa = PBXFileReference; lastKnownFileType = sourcecode.c.objc; path = AppDelegate.m; sourceTree = "<group>"; };
		1D31F60A20C1369800EB7EC2 /* Base */ = {isa = PBXFileReference; lastKnownFileType = file.storyboard; name = Base; path = Base.lproj/Main.storyboard; sourceTree = "<group>"; };
		1D31F60D20C1369800EB7EC2 /* passwordManager.xcdatamodel */ = {isa = PBXFileReference; lastKnownFileType = wrapper.xcdatamodel; path = passwordManager.xcdatamodel; sourceTree = "<group>"; };
		1D31F60F20C1369800EB7EC2 /* Assets.xcassets */ = {isa = PBXFileReference; lastKnownFileType = folder.assetcatalog; path = Assets.xcassets; sourceTree = "<group>"; };
		1D31F61220C1369800EB7EC2 /* Base */ = {isa = PBXFileReference; lastKnownFileType = file.storyboard; name = Base; path = Base.lproj/LaunchScreen.storyboard; sourceTree = "<group>"; };
		1D31F61420C1369800EB7EC2 /* Info.plist */ = {isa = PBXFileReference; lastKnownFileType = text.plist.xml; path = Info.plist; sourceTree = "<group>"; };
		1D31F61520C1369800EB7EC2 /* main.m */ = {isa = PBXFileReference; lastKnownFileType = sourcecode.c.objc; path = main.m; sourceTree = "<group>"; };
		1D31F61C20C1379700EB7EC2 /* ListViewController.h */ = {isa = PBXFileReference; lastKnownFileType = sourcecode.c.h; path = ListViewController.h; sourceTree = "<group>"; };
		1D31F61D20C1379700EB7EC2 /* ListViewController.m */ = {isa = PBXFileReference; lastKnownFileType = sourcecode.c.objc; path = ListViewController.m; sourceTree = "<group>"; };
		1D31F61F20C1396600EB7EC2 /* AccountModel.h */ = {isa = PBXFileReference; lastKnownFileType = sourcecode.c.h; path = AccountModel.h; sourceTree = "<group>"; };
		1D31F62020C1396700EB7EC2 /* AccountModel.m */ = {isa = PBXFileReference; lastKnownFileType = sourcecode.c.objc; path = AccountModel.m; sourceTree = "<group>"; };
		1D31F62320C13BD100EB7EC2 /* DetailViewController.h */ = {isa = PBXFileReference; lastKnownFileType = sourcecode.c.h; path = DetailViewController.h; sourceTree = "<group>"; };
		1D31F62420C13BD100EB7EC2 /* DetailViewController.m */ = {isa = PBXFileReference; lastKnownFileType = sourcecode.c.objc; path = DetailViewController.m; sourceTree = "<group>"; };
		523CCF2D20C1C33B005B0A2A /* CoreDataStack.h */ = {isa = PBXFileReference; lastKnownFileType = sourcecode.c.h; path = CoreDataStack.h; sourceTree = "<group>"; };
		523CCF2E20C1C33B005B0A2A /* CoreDataStack.m */ = {isa = PBXFileReference; lastKnownFileType = sourcecode.c.objc; path = CoreDataStack.m; sourceTree = "<group>"; };
/* End PBXFileReference section */

/* Begin PBXFrameworksBuildPhase section */
		1D31F5FD20C1369800EB7EC2 /* Frameworks */ = {
			isa = PBXFrameworksBuildPhase;
			buildActionMask = 2147483647;
			files = (
			);
			runOnlyForDeploymentPostprocessing = 0;
		};
/* End PBXFrameworksBuildPhase section */

/* Begin PBXGroup section */
		1D31F5F720C1369800EB7EC2 = {
			isa = PBXGroup;
			children = (
				1D31F60220C1369800EB7EC2 /* passwordManager */,
				1D31F60120C1369800EB7EC2 /* Products */,
			);
			sourceTree = "<group>";
		};
		1D31F60120C1369800EB7EC2 /* Products */ = {
			isa = PBXGroup;
			children = (
				1D31F60020C1369800EB7EC2 /* passwordManager.app */,
			);
			name = Products;
			sourceTree = "<group>";
		};
		1D31F60220C1369800EB7EC2 /* passwordManager */ = {
			isa = PBXGroup;
			children = (
				1D9A2E6620C1CC91007333BC /* CoreDataStack */,
				1D31F62220C1396C00EB7EC2 /* Model */,
				1D31F60320C1369800EB7EC2 /* AppDelegate.h */,
				1D31F60420C1369800EB7EC2 /* AppDelegate.m */,
				1D31F61C20C1379700EB7EC2 /* ListViewController.h */,
				1D31F61D20C1379700EB7EC2 /* ListViewController.m */,
				1D31F62320C13BD100EB7EC2 /* DetailViewController.h */,
				1D31F62420C13BD100EB7EC2 /* DetailViewController.m */,
				1D31F60920C1369800EB7EC2 /* Main.storyboard */,
				1D31F60F20C1369800EB7EC2 /* Assets.xcassets */,
				1D31F61120C1369800EB7EC2 /* LaunchScreen.storyboard */,
				1D31F61420C1369800EB7EC2 /* Info.plist */,
				1D31F61520C1369800EB7EC2 /* main.m */,
				1D31F60C20C1369800EB7EC2 /* passwordManager.xcdatamodeld */,
			);
			path = passwordManager;
			sourceTree = "<group>";
		};
		1D31F62220C1396C00EB7EC2 /* Model */ = {
			isa = PBXGroup;
			children = (
				1D31F61F20C1396600EB7EC2 /* AccountModel.h */,
				1D31F62020C1396700EB7EC2 /* AccountModel.m */,
			);
			path = Model;
			sourceTree = "<group>";
		};
		1D9A2E6620C1CC91007333BC /* CoreDataStack */ = {
			isa = PBXGroup;
			children = (
				523CCF2D20C1C33B005B0A2A /* CoreDataStack.h */,
				523CCF2E20C1C33B005B0A2A /* CoreDataStack.m */,
			);
			path = CoreDataStack;
			sourceTree = "<group>";
		};
/* End PBXGroup section */

/* Begin PBXNativeTarget section */
		1D31F5FF20C1369800EB7EC2 /* passwordManager */ = {
			isa = PBXNativeTarget;
			buildConfigurationList = 1D31F61920C1369800EB7EC2 /* Build configuration list for PBXNativeTarget "passwordManager" */;
			buildPhases = (
				1D31F5FC20C1369800EB7EC2 /* Sources */,
				1D31F5FD20C1369800EB7EC2 /* Frameworks */,
				1D31F5FE20C1369800EB7EC2 /* Resources */,
			);
			buildRules = (
			);
			dependencies = (
			);
			name = passwordManager;
			productName = passwordManager;
			productReference = 1D31F60020C1369800EB7EC2 /* passwordManager.app */;
			productType = "com.apple.product-type.application";
		};
/* End PBXNativeTarget section */

/* Begin PBXProject section */
		1D31F5F820C1369800EB7EC2 /* Project object */ = {
			isa = PBXProject;
			attributes = {
				LastUpgradeCheck = 0940;
				ORGANIZATIONNAME = "Max Soiferman";
				TargetAttributes = {
					1D31F5FF20C1369800EB7EC2 = {
						CreatedOnToolsVersion = 9.2;
						ProvisioningStyle = Automatic;
					};
				};
			};
			buildConfigurationList = 1D31F5FB20C1369800EB7EC2 /* Build configuration list for PBXProject "passwordManager" */;
			compatibilityVersion = "Xcode 8.0";
			developmentRegion = en;
			hasScannedForEncodings = 0;
			knownRegions = (
				en,
				Base,
			);
			mainGroup = 1D31F5F720C1369800EB7EC2;
			productRefGroup = 1D31F60120C1369800EB7EC2 /* Products */;
			projectDirPath = "";
			projectRoot = "";
			targets = (
				1D31F5FF20C1369800EB7EC2 /* passwordManager */,
			);
		};
/* End PBXProject section */

/* Begin PBXResourcesBuildPhase section */
		1D31F5FE20C1369800EB7EC2 /* Resources */ = {
			isa = PBXResourcesBuildPhase;
			buildActionMask = 2147483647;
			files = (
				1D31F61320C1369800EB7EC2 /* LaunchScreen.storyboard in Resources */,
				1D31F61020C1369800EB7EC2 /* Assets.xcassets in Resources */,
				1D31F60B20C1369800EB7EC2 /* Main.storyboard in Resources */,
			);
			runOnlyForDeploymentPostprocessing = 0;
		};
/* End PBXResourcesBuildPhase section */

/* Begin PBXSourcesBuildPhase section */
		1D31F5FC20C1369800EB7EC2 /* Sources */ = {
			isa = PBXSourcesBuildPhase;
			buildActionMask = 2147483647;
			files = (
				1D31F60E20C1369800EB7EC2 /* passwordManager.xcdatamodeld in Sources */,
				1D31F61620C1369800EB7EC2 /* main.m in Sources */,
				523CCF2F20C1C33B005B0A2A /* CoreDataStack.m in Sources */,
				1D31F62120C1396700EB7EC2 /* AccountModel.m in Sources */,
				1D31F61E20C1379700EB7EC2 /* ListViewController.m in Sources */,
				1D31F60520C1369800EB7EC2 /* AppDelegate.m in Sources */,
				1D31F62520C13BD100EB7EC2 /* DetailViewController.m in Sources */,
			);
			runOnlyForDeploymentPostprocessing = 0;
		};
/* End PBXSourcesBuildPhase section */

/* Begin PBXVariantGroup section */
		1D31F60920C1369800EB7EC2 /* Main.storyboard */ = {
			isa = PBXVariantGroup;
			children = (
				1D31F60A20C1369800EB7EC2 /* Base */,
			);
			name = Main.storyboard;
			sourceTree = "<group>";
		};
		1D31F61120C1369800EB7EC2 /* LaunchScreen.storyboard */ = {
			isa = PBXVariantGroup;
			children = (
				1D31F61220C1369800EB7EC2 /* Base */,
			);
			name = LaunchScreen.storyboard;
			sourceTree = "<group>";
		};
/* End PBXVariantGroup section */

/* Begin XCBuildConfiguration section */
		1D31F61720C1369800EB7EC2 /* Debug */ = {
			isa = XCBuildConfiguration;
			buildSettings = {
				ALWAYS_SEARCH_USER_PATHS = NO;
				CLANG_ANALYZER_NONNULL = YES;
				CLANG_ANALYZER_NUMBER_OBJECT_CONVERSION = YES_AGGRESSIVE;
				CLANG_CXX_LANGUAGE_STANDARD = "gnu++14";
				CLANG_CXX_LIBRARY = "libc++";
				CLANG_ENABLE_MODULES = YES;
				CLANG_ENABLE_OBJC_ARC = YES;
				CLANG_WARN_BLOCK_CAPTURE_AUTORELEASING = YES;
				CLANG_WARN_BOOL_CONVERSION = YES;
				CLANG_WARN_COMMA = YES;
				CLANG_WARN_CONSTANT_CONVERSION = YES;
				CLANG_WARN_DEPRECATED_OBJC_IMPLEMENTATIONS = YES;
				CLANG_WARN_DIRECT_OBJC_ISA_USAGE = YES_ERROR;
				CLANG_WARN_DOCUMENTATION_COMMENTS = YES;
				CLANG_WARN_EMPTY_BODY = YES;
				CLANG_WARN_ENUM_CONVERSION = YES;
				CLANG_WARN_INFINITE_RECURSION = YES;
				CLANG_WARN_INT_CONVERSION = YES;
				CLANG_WARN_NON_LITERAL_NULL_CONVERSION = YES;
				CLANG_WARN_OBJC_IMPLICIT_RETAIN_SELF = YES;
				CLANG_WARN_OBJC_LITERAL_CONVERSION = YES;
				CLANG_WARN_OBJC_ROOT_CLASS = YES_ERROR;
				CLANG_WARN_RANGE_LOOP_ANALYSIS = YES;
				CLANG_WARN_STRICT_PROTOTYPES = YES;
				CLANG_WARN_SUSPICIOUS_MOVE = YES;
				CLANG_WARN_UNGUARDED_AVAILABILITY = YES_AGGRESSIVE;
				CLANG_WARN_UNREACHABLE_CODE = YES;
				CLANG_WARN__DUPLICATE_METHOD_MATCH = YES;
				CODE_SIGN_IDENTITY = "iPhone Developer";
				COPY_PHASE_STRIP = NO;
				DEBUG_INFORMATION_FORMAT = dwarf;
				ENABLE_STRICT_OBJC_MSGSEND = YES;
				ENABLE_TESTABILITY = YES;
				GCC_C_LANGUAGE_STANDARD = gnu11;
				GCC_DYNAMIC_NO_PIC = NO;
				GCC_NO_COMMON_BLOCKS = YES;
				GCC_OPTIMIZATION_LEVEL = 0;
				GCC_PREPROCESSOR_DEFINITIONS = (
					"DEBUG=1",
					"$(inherited)",
				);
				GCC_WARN_64_TO_32_BIT_CONVERSION = YES;
				GCC_WARN_ABOUT_RETURN_TYPE = YES_ERROR;
				GCC_WARN_UNDECLARED_SELECTOR = YES;
				GCC_WARN_UNINITIALIZED_AUTOS = YES_AGGRESSIVE;
				GCC_WARN_UNUSED_FUNCTION = YES;
				GCC_WARN_UNUSED_VARIABLE = YES;
				IPHONEOS_DEPLOYMENT_TARGET = 11.2;
				MTL_ENABLE_DEBUG_INFO = YES;
				ONLY_ACTIVE_ARCH = YES;
				SDKROOT = iphoneos;
			};
			name = Debug;
		};
		1D31F61820C1369800EB7EC2 /* Release */ = {
			isa = XCBuildConfiguration;
			buildSettings = {
				ALWAYS_SEARCH_USER_PATHS = NO;
				CLANG_ANALYZER_NONNULL = YES;
				CLANG_ANALYZER_NUMBER_OBJECT_CONVERSION = YES_AGGRESSIVE;
				CLANG_CXX_LANGUAGE_STANDARD = "gnu++14";
				CLANG_CXX_LIBRARY = "libc++";
				CLANG_ENABLE_MODULES = YES;
				CLANG_ENABLE_OBJC_ARC = YES;
				CLANG_WARN_BLOCK_CAPTURE_AUTORELEASING = YES;
				CLANG_WARN_BOOL_CONVERSION = YES;
				CLANG_WARN_COMMA = YES;
				CLANG_WARN_CONSTANT_CONVERSION = YES;
				CLANG_WARN_DEPRECATED_OBJC_IMPLEMENTATIONS = YES;
				CLANG_WARN_DIRECT_OBJC_ISA_USAGE = YES_ERROR;
				CLANG_WARN_DOCUMENTATION_COMMENTS = YES;
				CLANG_WARN_EMPTY_BODY = YES;
				CLANG_WARN_ENUM_CONVERSION = YES;
				CLANG_WARN_INFINITE_RECURSION = YES;
				CLANG_WARN_INT_CONVERSION = YES;
				CLANG_WARN_NON_LITERAL_NULL_CONVERSION = YES;
				CLANG_WARN_OBJC_IMPLICIT_RETAIN_SELF = YES;
				CLANG_WARN_OBJC_LITERAL_CONVERSION = YES;
				CLANG_WARN_OBJC_ROOT_CLASS = YES_ERROR;
				CLANG_WARN_RANGE_LOOP_ANALYSIS = YES;
				CLANG_WARN_STRICT_PROTOTYPES = YES;
				CLANG_WARN_SUSPICIOUS_MOVE = YES;
				CLANG_WARN_UNGUARDED_AVAILABILITY = YES_AGGRESSIVE;
				CLANG_WARN_UNREACHABLE_CODE = YES;
				CLANG_WARN__DUPLICATE_METHOD_MATCH = YES;
				CODE_SIGN_IDENTITY = "iPhone Developer";
				COPY_PHASE_STRIP = NO;
				DEBUG_INFORMATION_FORMAT = "dwarf-with-dsym";
				ENABLE_NS_ASSERTIONS = NO;
				ENABLE_STRICT_OBJC_MSGSEND = YES;
				GCC_C_LANGUAGE_STANDARD = gnu11;
				GCC_NO_COMMON_BLOCKS = YES;
				GCC_WARN_64_TO_32_BIT_CONVERSION = YES;
				GCC_WARN_ABOUT_RETURN_TYPE = YES_ERROR;
				GCC_WARN_UNDECLARED_SELECTOR = YES;
				GCC_WARN_UNINITIALIZED_AUTOS = YES_AGGRESSIVE;
				GCC_WARN_UNUSED_FUNCTION = YES;
				GCC_WARN_UNUSED_VARIABLE = YES;
				IPHONEOS_DEPLOYMENT_TARGET = 11.2;
				MTL_ENABLE_DEBUG_INFO = NO;
				SDKROOT = iphoneos;
				VALIDATE_PRODUCT = YES;
			};
			name = Release;
		};
		1D31F61A20C1369800EB7EC2 /* Debug */ = {
			isa = XCBuildConfiguration;
			buildSettings = {
				ASSETCATALOG_COMPILER_APPICON_NAME = AppIcon;
				CODE_SIGN_STYLE = Automatic;
				DEVELOPMENT_TEAM = N359L3MT2V;
				INFOPLIST_FILE = passwordManager/Info.plist;
				LD_RUNPATH_SEARCH_PATHS = "$(inherited) @executable_path/Frameworks";
				PRODUCT_BUNDLE_IDENTIFIER = com.passManagers.passwordManager;
				PRODUCT_NAME = "$(TARGET_NAME)";
				TARGETED_DEVICE_FAMILY = "1,2";
			};
			name = Debug;
		};
		1D31F61B20C1369800EB7EC2 /* Release */ = {
			isa = XCBuildConfiguration;
			buildSettings = {
				ASSETCATALOG_COMPILER_APPICON_NAME = AppIcon;
				CODE_SIGN_STYLE = Automatic;
				DEVELOPMENT_TEAM = N359L3MT2V;
				INFOPLIST_FILE = passwordManager/Info.plist;
				LD_RUNPATH_SEARCH_PATHS = "$(inherited) @executable_path/Frameworks";
				PRODUCT_BUNDLE_IDENTIFIER = com.passManagers.passwordManager;
				PRODUCT_NAME = "$(TARGET_NAME)";
				TARGETED_DEVICE_FAMILY = "1,2";
			};
			name = Release;
		};
/* End XCBuildConfiguration section */

/* Begin XCConfigurationList section */
		1D31F5FB20C1369800EB7EC2 /* Build configuration list for PBXProject "passwordManager" */ = {
			isa = XCConfigurationList;
			buildConfigurations = (
				1D31F61720C1369800EB7EC2 /* Debug */,
				1D31F61820C1369800EB7EC2 /* Release */,
			);
			defaultConfigurationIsVisible = 0;
			defaultConfigurationName = Release;
		};
		1D31F61920C1369800EB7EC2 /* Build configuration list for PBXNativeTarget "passwordManager" */ = {
			isa = XCConfigurationList;
			buildConfigurations = (
				1D31F61A20C1369800EB7EC2 /* Debug */,
				1D31F61B20C1369800EB7EC2 /* Release */,
			);
			defaultConfigurationIsVisible = 0;
			defaultConfigurationName = Release;
		};
/* End XCConfigurationList section */

/* Begin XCVersionGroup section */
		1D31F60C20C1369800EB7EC2 /* passwordManager.xcdatamodeld */ = {
			isa = XCVersionGroup;
			children = (
				1D31F60D20C1369800EB7EC2 /* passwordManager.xcdatamodel */,
			);
			currentVersion = 1D31F60D20C1369800EB7EC2 /* passwordManager.xcdatamodel */;
			path = passwordManager.xcdatamodeld;
			sourceTree = "<group>";
			versionGroupType = wrapper.xcdatamodel;
		};
/* End XCVersionGroup section */
	};
	rootObject = 1D31F5F820C1369800EB7EC2 /* Project object */;
}
